// !$*UTF8*$!
{
	archiveVersion = 1;
	classes = {};
	objectVersion = 60;
	objects = {
		00C45FD35CB0F9C5F764F070 = { isa = PBXGroup; children = (B6CDB6E5D160E013280D3C68,F7AD61F882DD1FB9CEDE0378,6A043D12A064884C9E0BDAA9,E02A90D9643568EA39115CFB,2DC2D7827160987765974061); name = Products; sourceTree = "<group>"; };
		03B13A33CBBE630EE720F06B = { isa = PBXBuildFile; fileRef = 5B04B2273026590A440D27C9; };
		0AD37307DFDAE852A779B369 = { isa = XCConfigurationList; buildConfigurations = (E2657B9FA91DD4A55652006F,B4343C19535B18410503AED7); defaultConfigurationIsVisible = 0; defaultConfigurationName = Release; };
		0E8C9C34623DDCBBD962DF82 = { isa = XCBuildConfiguration; buildSettings = { IPHONEOS_DEPLOYMENT_TARGET = 18.0; SDKROOT = iphoneos; SWIFT_VERSION = 5.0; CLANG_ENABLE_MODULES = YES; CODE_SIGN_STYLE = Automatic; DEVELOPMENT_TEAM = 68WZL8DZXC; GENERATE_INFOPLIST_FILE = YES; DYLIB_INSTALL_NAME_BASE = "@rpath"; LD_RUNPATH_SEARCH_PATHS = "$(inherited) @executable_path/Frameworks @loader_path/Frameworks"; PRODUCT_BUNDLE_IDENTIFIER = com.dansullivan.babytracker.persistence; PRODUCT_NAME = BabyTrackerPersistence; DEFINES_MODULE = YES; SKIP_INSTALL = YES; SWIFT_OPTIMIZATION_LEVEL = "-Onone"; DEBUG_INFORMATION_FORMAT = dwarf; SWIFT_ACTIVE_COMPILATION_CONDITIONS = "DEBUG"; }; name = Debug; };
		111EB5BDEFC905F833F7FBD1 = { isa = XCBuildConfiguration; buildSettings = { IPHONEOS_DEPLOYMENT_TARGET = 18.0; SDKROOT = iphoneos; SWIFT_VERSION = 5.0; CLANG_ENABLE_MODULES = YES; CODE_SIGN_STYLE = Automatic; DEVELOPMENT_TEAM = 68WZL8DZXC; GENERATE_INFOPLIST_FILE = YES; DYLIB_INSTALL_NAME_BASE = "@rpath"; LD_RUNPATH_SEARCH_PATHS = "$(inherited) @executable_path/Frameworks @loader_path/Frameworks"; PRODUCT_BUNDLE_IDENTIFIER = com.dansullivan.babytracker.uitests; PRODUCT_NAME = BabyTrackerUITests; TEST_TARGET_NAME = "Baby Tracker"; TARGETED_DEVICE_FAMILY = "1"; SKIP_INSTALL = YES; SWIFT_OPTIMIZATION_LEVEL = "-Onone"; DEBUG_INFORMATION_FORMAT = dwarf; SWIFT_ACTIVE_COMPILATION_CONDITIONS = "DEBUG"; }; name = Debug; };
		12FA73C3600A9D1EE3E0C025 = { isa = PBXNativeTarget; buildConfigurationList = 7B1524B6CC7D9ADD18A86C10; buildPhases = (B938B91ED477D459634E6C2A,D4F6FB13F9E575708B291DC7); buildRules = (); dependencies = (); name = BabyTrackerDomain; productName = BabyTrackerDomain; productReference = F7AD61F882DD1FB9CEDE0378; productType = "com.apple.product-type.framework"; };
		1507F021100E808DBE2FAA00 = { isa = PBXFileReference; lastKnownFileType = text.plist.xml; path = "Info.plist"; sourceTree = SOURCE_ROOT; };
		1BFC40A8F20BC35A65CAD464 = { isa = XCBuildConfiguration; buildSettings = { IPHONEOS_DEPLOYMENT_TARGET = 18.0; SDKROOT = iphoneos; SWIFT_VERSION = 5.0; CLANG_ENABLE_MODULES = YES; CODE_SIGN_STYLE = Automatic; DEVELOPMENT_TEAM = 68WZL8DZXC; GENERATE_INFOPLIST_FILE = YES; DYLIB_INSTALL_NAME_BASE = "@rpath"; LD_RUNPATH_SEARCH_PATHS = "$(inherited) @executable_path/Frameworks @loader_path/Frameworks"; PRODUCT_BUNDLE_IDENTIFIER = com.dansullivan.babytracker.uitests; PRODUCT_NAME = BabyTrackerUITests; TEST_TARGET_NAME = "Baby Tracker"; TARGETED_DEVICE_FAMILY = "1"; SKIP_INSTALL = YES; SWIFT_COMPILATION_MODE = wholemodule; DEBUG_INFORMATION_FORMAT = "dwarf-with-dsym"; }; name = Release; };
		1D60308ED7C88F697B50D28D = { isa = PBXFileReference; lastKnownFileType = sourcecode.swift; path = "Sources/BabyTrackerPersistence/OperationStore.swift"; sourceTree = SOURCE_ROOT; };
		1E0D4E43E107BA3569A2D526 = { isa = XCBuildConfiguration; buildSettings = { IPHONEOS_DEPLOYMENT_TARGET = 18.0; SDKROOT = iphoneos; SWIFT_VERSION = 5.0; CLANG_ENABLE_MODULES = YES; CODE_SIGN_STYLE = Automatic; DEVELOPMENT_TEAM = 68WZL8DZXC; GENERATE_INFOPLIST_FILE = YES; DYLIB_INSTALL_NAME_BASE = "@rpath"; LD_RUNPATH_SEARCH_PATHS = "$(inherited) @executable_path/Frameworks @loader_path/Frameworks"; PRODUCT_BUNDLE_IDENTIFIER = com.dansullivan.babytracker.domain; PRODUCT_NAME = BabyTrackerDomain; DEFINES_MODULE = YES; SKIP_INSTALL = YES; SWIFT_OPTIMIZATION_LEVEL = "-Onone"; DEBUG_INFORMATION_FORMAT = dwarf; SWIFT_ACTIVE_COMPILATION_CONDITIONS = "DEBUG"; }; name = Debug; };
		217C60BF1804762AAA7120C8 = { isa = PBXBuildFile; fileRef = F924B6439F7EF83473F50AEA; };
		23FB2CAEB38545C3793097DD = { isa = XCBuildConfiguration; buildSettings = { IPHONEOS_DEPLOYMENT_TARGET = 18.0; SDKROOT = iphoneos; SWIFT_VERSION = 5.0; CLANG_ENABLE_MODULES = YES; CODE_SIGN_STYLE = Automatic; DEVELOPMENT_TEAM = 68WZL8DZXC; GENERATE_INFOPLIST_FILE = NO; DYLIB_INSTALL_NAME_BASE = "@rpath"; LD_RUNPATH_SEARCH_PATHS = "$(inherited) @executable_path/Frameworks @loader_path/Frameworks"; PRODUCT_BUNDLE_IDENTIFIER = com.dansullivan.babytracker; PRODUCT_NAME = "Baby Tracker"; ASSETCATALOG_COMPILER_APPICON_NAME = AppIcon; INFOPLIST_FILE = Info.plist; TARGETED_DEVICE_FAMILY = "1"; SWIFT_COMPILATION_MODE = wholemodule; DEBUG_INFORMATION_FORMAT = "dwarf-with-dsym"; }; name = Release; };
		247BF104A9AD002C539DA531 = { isa = XCConfigurationList; buildConfigurations = (877A6BA951A2EA0025A2ABE8,959134B361DD7E21ADEA3164); defaultConfigurationIsVisible = 0; defaultConfigurationName = Release; };
		28DDF1AF7DBB75E111EE13BE = { isa = PBXFileReference; lastKnownFileType = text.xml; path = "PrivacyInfo.xcprivacy"; sourceTree = SOURCE_ROOT; };
		29C7B681C8D62CBAC94D51C0 = { isa = PBXNativeTarget; buildConfigurationList = 9EA62D25DFD1EFBA21F6DE7B; buildPhases = (3F6CFF29472964743DE82660,5B9773D84493B3D713DB9AC0,C02F1309AF4906C92F1EAD44,F0AB04EE052351C80F3286E9); buildRules = (); dependencies = (7A4CC6CBCD1DE5201E70D9A9,FAE2FC5A5A92EB7F5ABB2CF1); name = "Baby Tracker"; productName = "Baby Tracker"; productReference = B6CDB6E5D160E013280D3C68; productType = "com.apple.product-type.application"; };
		2A857BBD13A524779C9EA5E5 = { isa = PBXFileReference; lastKnownFileType = sourcecode.swift; path = "Sources/BabyTrackerDomain/Models.swift"; sourceTree = SOURCE_ROOT; };
		2C335BF7BD8274044324298E = { isa = PBXBuildFile; fileRef = FB94C7F459FCD1D79D930A89; };
		2DC2D7827160987765974061 = { isa = PBXFileReference; explicitFileType = wrapper.cfbundle; includeInIndex = 0; path = BabyTrackerUITests.xctest; sourceTree = BUILT_PRODUCTS_DIR; };
		384BE5476667391F3EE2B306 = { isa = PBXFileReference; lastKnownFileType = sourcecode.swift; path = "Tests/BabyTrackerDomainTests/ReducerTests.swift"; sourceTree = SOURCE_ROOT; };
		39A70AE0AED781A777E4C01F = { isa = PBXFileReference; lastKnownFileType = sourcecode.swift; path = "Sources/BabyTrackerApp/AppModel.swift"; sourceTree = SOURCE_ROOT; };
		3C5175127B170EDE93895D1B = { isa = PBXTargetDependency; target = 12FA73C3600A9D1EE3E0C025; targetProxy = 6F63ADD8298B5F2A859ED4B4; };
		3CF6A4F2E05B3AAE7E2CBFEE = { isa = XCBuildConfiguration; buildSettings = { IPHONEOS_DEPLOYMENT_TARGET = 18.0; SDKROOT = iphoneos; SWIFT_VERSION = 5.0; CLANG_ENABLE_MODULES = YES; CODE_SIGN_STYLE = Automatic; DEVELOPMENT_TEAM = 68WZL8DZXC; GENERATE_INFOPLIST_FILE = NO; DYLIB_INSTALL_NAME_BASE = "@rpath"; LD_RUNPATH_SEARCH_PATHS = "$(inherited) @executable_path/Frameworks @loader_path/Frameworks"; PRODUCT_BUNDLE_IDENTIFIER = com.dansullivan.babytracker; PRODUCT_NAME = "Baby Tracker"; ASSETCATALOG_COMPILER_APPICON_NAME = AppIcon; INFOPLIST_FILE = Info.plist; TARGETED_DEVICE_FAMILY = "1"; SWIFT_OPTIMIZATION_LEVEL = "-Onone"; DEBUG_INFORMATION_FORMAT = dwarf; SWIFT_ACTIVE_COMPILATION_CONDITIONS = "DEBUG"; }; name = Debug; };
		3F6CFF29472964743DE82660 = { isa = PBXSourcesBuildPhase; buildActionMask = 2147483647; files = (505211AA7B437E6F21F2915E,C9A5FC810DD5EB1C31BE7446,95CBAD26EB992C42DFC87E0E,C5604D1C4384BE32237C7801,B8D1B40F94E7EF8D9C46134B,2C335BF7BD8274044324298E,DC8EACD1E108D4F811380ED1,48594C3F647818560719460C,5065D359B724F88D3A036CA4); runOnlyForDeploymentPostprocessing = 0; };
		41FFDB972AC8EE6ED47AB727 = { isa = PBXBuildFile; fileRef = 6A043D12A064884C9E0BDAA9; };
		428881533C7E37A0A1855AA1 = { isa = PBXContainerItemProxy; containerPortal = 98F54143AB4E86B28C3AFEE0; proxyType = 1; remoteGlobalIDString = 52E97356170E6528DDF4A3DF; remoteInfo = "persistence-app"; };
		443436C241D7933603A9BE87 = { isa = PBXBuildFile; fileRef = 46F56B531A3DD8C22D8A8A9A; };
		4616C7F207A5AFB9FBFCBC14 = { isa = PBXBuildFile; fileRef = F7AD61F882DD1FB9CEDE0378; };
		46F56B531A3DD8C22D8A8A9A = { isa = PBXFileReference; lastKnownFileType = sourcecode.swift; path = "Sources/BabyTrackerDomain/Reducer.swift"; sourceTree = SOURCE_ROOT; };
		477CAE2F7594914839A5E7B1 = { isa = PBXBuildFile; fileRef = A75201BE215479CE072855BF; };
		48287036F0F390A907812870 = { isa = PBXFileReference; lastKnownFileType = sourcecode.swift; path = "Sources/BabyTrackerPersistence/ImportService.swift"; sourceTree = SOURCE_ROOT; };
		48594C3F647818560719460C = { isa = PBXBuildFile; fileRef = EE7850D96BE5796DE4655E96; };
		4927D3A6981A5C40C372F982 = { isa = PBXFileReference; lastKnownFileType = sourcecode.swift; path = "Sources/BabyTrackerApp/NearbySync.swift"; sourceTree = SOURCE_ROOT; };
		4AB77652D7963B7A0C2B0C59 = { isa = PBXBuildFile; fileRef = 5C8466309D7A7CAA2D02DA62; };
		4D7A32BC07B50502640B80CE = { isa = PBXFileReference; lastKnownFileType = sourcecode.swift; path = "Sources/BabyTrackerApp/SimulatorAuditFixture.swift"; sourceTree = SOURCE_ROOT; };
		505211AA7B437E6F21F2915E = { isa = PBXBuildFile; fileRef = 39A70AE0AED781A777E4C01F; };
		5065D359B724F88D3A036CA4 = { isa = PBXBuildFile; fileRef = C6C2EFCEF386BA93F0E499A7; };
		52E97356170E6528DDF4A3DF = { isa = PBXNativeTarget; buildConfigurationList = E98F7925D5BC18FAE327CD81; buildPhases = (BE11B2C992D81F2DDB15A5B8,C33ACF513DA25E0FE19AC7A1); buildRules = (); dependencies = (3C5175127B170EDE93895D1B); name = BabyTrackerPersistence; productName = BabyTrackerPersistence; productReference = 6A043D12A064884C9E0BDAA9; productType = "com.apple.product-type.framework"; };
		54B7D7E629816684B596900C = { isa = PBXSourcesBuildPhase; buildActionMask = 2147483647; files = (5A327F5D6BD20B0901C9E819,AA2477DEC37F3C0F388B40F4,4AB77652D7963B7A0C2B0C59,CC02B68ED017C410E2800443,477CAE2F7594914839A5E7B1); runOnlyForDeploymentPostprocessing = 0; };
		5A327F5D6BD20B0901C9E819 = { isa = PBXBuildFile; fileRef = AB9A01F31F2F4A9F0F96B9C7; };
		5B04B2273026590A440D27C9 = { isa = PBXFileReference; lastKnownFileType = folder.assetcatalog; path = "Assets.xcassets"; sourceTree = SOURCE_ROOT; };
		5B9773D84493B3D713DB9AC0 = { isa = PBXFrameworksBuildPhase; buildActionMask = 2147483647; files = (CB550069C2B30D4A643C29AC,9DB2EB859E5263FB82216C9C); runOnlyForDeploymentPostprocessing = 0; };
		5C8466309D7A7CAA2D02DA62 = { isa = PBXFileReference; lastKnownFileType = sourcecode.swift; path = "Tests/BabyTrackerDomainTests/PersistenceImportTests.swift"; sourceTree = SOURCE_ROOT; };
		62F8A83B4A0B72F80D37A8AA = { isa = XCBuildConfiguration; buildSettings = { IPHONEOS_DEPLOYMENT_TARGET = 18.0; SDKROOT = iphoneos; SWIFT_VERSION = 5.0; CLANG_ENABLE_MODULES = YES; CODE_SIGN_STYLE = Automatic; DEVELOPMENT_TEAM = 68WZL8DZXC; GENERATE_INFOPLIST_FILE = YES; DYLIB_INSTALL_NAME_BASE = "@rpath"; LD_RUNPATH_SEARCH_PATHS = "$(inherited) @executable_path/Frameworks @loader_path/Frameworks"; PRODUCT_BUNDLE_IDENTIFIER = com.dansullivan.babytracker.persistence; PRODUCT_NAME = BabyTrackerPersistence; DEFINES_MODULE = YES; SKIP_INSTALL = YES; SWIFT_COMPILATION_MODE = wholemodule; DEBUG_INFORMATION_FORMAT = "dwarf-with-dsym"; }; name = Release; };
		6360ABA23ED89307598B0885 = { isa = PBXFileReference; lastKnownFileType = sourcecode.swift; path = "Sources/BabyTrackerApp/DashboardView.swift"; sourceTree = SOURCE_ROOT; };
		6A043D12A064884C9E0BDAA9 = { isa = PBXFileReference; explicitFileType = wrapper.framework; includeInIndex = 0; path = "BabyTrackerPersistence.framework"; sourceTree = BUILT_PRODUCTS_DIR; };
		6F63ADD8298B5F2A859ED4B4 = { isa = PBXContainerItemProxy; containerPortal = 98F54143AB4E86B28C3AFEE0; proxyType = 1; remoteGlobalIDString = 12FA73C3600A9D1EE3E0C025; remoteInfo = "domain-persistence"; };
		7A4CC6CBCD1DE5201E70D9A9 = { isa = PBXTargetDependency; target = 12FA73C3600A9D1EE3E0C025; targetProxy = A913E85E62F2089A184CCAF9; };
		7B1524B6CC7D9ADD18A86C10 = { isa = XCConfigurationList; buildConfigurations = (1E0D4E43E107BA3569A2D526,835CDD0FA023F746C4436504); defaultConfigurationIsVisible = 0; defaultConfigurationName = Release; };
		7EC8F98B7A265120217712DE = { isa = PBXNativeTarget; buildConfigurationList = 0AD37307DFDAE852A779B369; buildPhases = (54B7D7E629816684B596900C,E51E325E2D7A6ADDC5C9CAB4); buildRules = (); dependencies = (9074E61D4D12C4E8CB61DC9F,D72E553F985321B81A90C412); name = BabyTrackerTests; productName = BabyTrackerTests; productReference = E02A90D9643568EA39115CFB; productType = "com.apple.product-type.bundle.unit-test"; };
		835CDD0FA023F746C4436504 = { isa = XCBuildConfiguration; buildSettings = { IPHONEOS_DEPLOYMENT_TARGET = 18.0; SDKROOT = iphoneos; SWIFT_VERSION = 5.0; CLANG_ENABLE_MODULES = YES; CODE_SIGN_STYLE = Automatic; DEVELOPMENT_TEAM = 68WZL8DZXC; GENERATE_INFOPLIST_FILE = YES; DYLIB_INSTALL_NAME_BASE = "@rpath"; LD_RUNPATH_SEARCH_PATHS = "$(inherited) @executable_path/Frameworks @loader_path/Frameworks"; PRODUCT_BUNDLE_IDENTIFIER = com.dansullivan.babytracker.domain; PRODUCT_NAME = BabyTrackerDomain; DEFINES_MODULE = YES; SKIP_INSTALL = YES; SWIFT_COMPILATION_MODE = wholemodule; DEBUG_INFORMATION_FORMAT = "dwarf-with-dsym"; }; name = Release; };
		877A6BA951A2EA0025A2ABE8 = { isa = XCBuildConfiguration; buildSettings = { SWIFT_VERSION = 5.0; IPHONEOS_DEPLOYMENT_TARGET = 18.0; CLANG_ENABLE_MODULES = YES; SWIFT_OPTIMIZATION_LEVEL = "-Onone"; DEBUG_INFORMATION_FORMAT = dwarf; SWIFT_ACTIVE_COMPILATION_CONDITIONS = "DEBUG"; }; name = Debug; };
		9074E61D4D12C4E8CB61DC9F = { isa = PBXTargetDependency; target = 12FA73C3600A9D1EE3E0C025; targetProxy = F74DDE9D3994C0877AC5BD82; };
		959134B361DD7E21ADEA3164 = { isa = XCBuildConfiguration; buildSettings = { SWIFT_VERSION = 5.0; IPHONEOS_DEPLOYMENT_TARGET = 18.0; CLANG_ENABLE_MODULES = YES; SWIFT_COMPILATION_MODE = wholemodule; DEBUG_INFORMATION_FORMAT = "dwarf-with-dsym"; }; name = Release; };
		95CBAD26EB992C42DFC87E0E = { isa = PBXBuildFile; fileRef = 6360ABA23ED89307598B0885; };
		98F54143AB4E86B28C3AFEE0 = { isa = PBXProject;
attributes = { BuildIndependentTargetsInParallel = YES; LastSwiftUpdateCheck = 1600; LastUpgradeCheck = 1600;
TargetAttributes = { 29C7B681C8D62CBAC94D51C0 = { CreatedOnToolsVersion = 16.0; }; }; };
buildConfigurationList = 247BF104A9AD002C539DA531;
compatibilityVersion = "Xcode 15.0";
developmentRegion = en;
hasScannedForEncodings = 0;
knownRegions = (en, Base);
mainGroup = ADCF10F76EBF2A74473E9DC4;
productRefGroup = 00C45FD35CB0F9C5F764F070;
projectDirPath = "";
projectRoot = "";
targets = (29C7B681C8D62CBAC94D51C0,12FA73C3600A9D1EE3E0C025,52E97356170E6528DDF4A3DF,7EC8F98B7A265120217712DE,CEFEF1F5CE13C5A04BC4C468);
 };
		9939F823920625723F9C7BF2 = { isa = PBXBuildFile; fileRef = EAB77BAB6D5D40A4B4EE3F02; };
		9D93A40AE1C17527506DC5DA = { isa = PBXTargetDependency; target = 29C7B681C8D62CBAC94D51C0; targetProxy = EDE00B77BB787AC7BC1DDB09; };
		9DB2EB859E5263FB82216C9C = { isa = PBXBuildFile; fileRef = 6A043D12A064884C9E0BDAA9; };
		9EA62D25DFD1EFBA21F6DE7B = { isa = XCConfigurationList; buildConfigurations = (3CF6A4F2E05B3AAE7E2CBFEE,23FB2CAEB38545C3793097DD); defaultConfigurationIsVisible = 0; defaultConfigurationName = Release; };
		9F43CD5012258C9C41484F1D = { isa = PBXFileReference; lastKnownFileType = sourcecode.swift; path = "Tests/BabyTrackerUITests/ExtendedAuditTests.swift"; sourceTree = SOURCE_ROOT; };
		A0E6579A3F038E322FE83506 = { isa = PBXBuildFile; fileRef = 6A043D12A064884C9E0BDAA9; settings = { ATTRIBUTES = (CodeSignOnCopy, RemoveHeadersOnCopy); }; };
		A703BABEAF536FCAD8A95716 = { isa = XCConfigurationList; buildConfigurations = (111EB5BDEFC905F833F7FBD1,1BFC40A8F20BC35A65CAD464); defaultConfigurationIsVisible = 0; defaultConfigurationName = Release; };
		A75201BE215479CE072855BF = { isa = PBXFileReference; lastKnownFileType = sourcecode.swift; path = "Tests/BabyTrackerDomainTests/StatisticsTests.swift"; sourceTree = SOURCE_ROOT; };
		A913E85E62F2089A184CCAF9 = { isa = PBXContainerItemProxy; containerPortal = 98F54143AB4E86B28C3AFEE0; proxyType = 1; remoteGlobalIDString = 12FA73C3600A9D1EE3E0C025; remoteInfo = "domain-app"; };
		AA2477DEC37F3C0F388B40F4 = { isa = PBXBuildFile; fileRef = C9EADB90A7A78FE5672CE19B; };
		AB9A01F31F2F4A9F0F96B9C7 = { isa = PBXFileReference; lastKnownFileType = sourcecode.swift; path = "Tests/BabyTrackerDomainTests/BoundaryRegressionTests.swift"; sourceTree = SOURCE_ROOT; };
		ADCF10F76EBF2A74473E9DC4 = { isa = PBXGroup; children = (F924B6439F7EF83473F50AEA,2A857BBD13A524779C9EA5E5,46F56B531A3DD8C22D8A8A9A,F257B83A0EB2E3EC5954C984,48287036F0F390A907812870,1D60308ED7C88F697B50D28D,39A70AE0AED781A777E4C01F,F0DACE68D9B1B1ECD47FC9A6,6360ABA23ED89307598B0885,FB0D917FE3A6C4FF3C914360,4927D3A6981A5C40C372F982,FB94C7F459FCD1D79D930A89,4D7A32BC07B50502640B80CE,EE7850D96BE5796DE4655E96,C6C2EFCEF386BA93F0E499A7,AB9A01F31F2F4A9F0F96B9C7,C9EADB90A7A78FE5672CE19B,5C8466309D7A7CAA2D02DA62,384BE5476667391F3EE2B306,A75201BE215479CE072855BF,9F43CD5012258C9C41484F1D,EAB77BAB6D5D40A4B4EE3F02,FD0924BC7244D22A813B7782,1507F021100E808DBE2FAA00,5B04B2273026590A440D27C9,28DDF1AF7DBB75E111EE13BE,00C45FD35CB0F9C5F764F070); sourceTree = "<group>"; };
		B18E8F16DCFFF1E8149EFBFD = { isa = PBXBuildFile; fileRef = FD0924BC7244D22A813B7782; };
		B4343C19535B18410503AED7 = { isa = XCBuildConfiguration; buildSettings = { IPHONEOS_DEPLOYMENT_TARGET = 18.0; SDKROOT = iphoneos; SWIFT_VERSION = 5.0; CLANG_ENABLE_MODULES = YES; CODE_SIGN_STYLE = Automatic; DEVELOPMENT_TEAM = 68WZL8DZXC; GENERATE_INFOPLIST_FILE = YES; DYLIB_INSTALL_NAME_BASE = "@rpath"; LD_RUNPATH_SEARCH_PATHS = "$(inherited) @executable_path/Frameworks @loader_path/Frameworks"; PRODUCT_BUNDLE_IDENTIFIER = com.dansullivan.babytracker.tests; PRODUCT_NAME = BabyTrackerTests; SKIP_INSTALL = YES; SWIFT_COMPILATION_MODE = wholemodule; DEBUG_INFORMATION_FORMAT = "dwarf-with-dsym"; }; name = Release; };
		B57DA079BC7772F61801DDE0 = { isa = PBXSourcesBuildPhase; buildActionMask = 2147483647; files = (DD60ABC879AA15E004BD7524,9939F823920625723F9C7BF2,B18E8F16DCFFF1E8149EFBFD); runOnlyForDeploymentPostprocessing = 0; };
		B6CDB6E5D160E013280D3C68 = { isa = PBXFileReference; explicitFileType = wrapper.application; includeInIndex = 0; path = "Baby Tracker.app"; sourceTree = BUILT_PRODUCTS_DIR; };
		B8D1B40F94E7EF8D9C46134B = { isa = PBXBuildFile; fileRef = 4927D3A6981A5C40C372F982; };
		B938B91ED477D459634E6C2A = { isa = PBXSourcesBuildPhase; buildActionMask = 2147483647; files = (217C60BF1804762AAA7120C8,D60DC188CDC5AB39AFA6683F,443436C241D7933603A9BE87,EFF1FE9885133954E4CA9235); runOnlyForDeploymentPostprocessing = 0; };
		BE11B2C992D81F2DDB15A5B8 = { isa = PBXSourcesBuildPhase; buildActionMask = 2147483647; files = (EEC783420F7B7ADB609D2E27,ECD13B72A7376C88145A923F); runOnlyForDeploymentPostprocessing = 0; };
		C02F1309AF4906C92F1EAD44 = { isa = PBXResourcesBuildPhase; buildActionMask = 2147483647; files = (03B13A33CBBE630EE720F06B,CA404AB546E8B430FDD4BBB9); runOnlyForDeploymentPostprocessing = 0; };
		C33ACF513DA25E0FE19AC7A1 = { isa = PBXFrameworksBuildPhase; buildActionMask = 2147483647; files = (F4DD3C5CCD8CA8478D51CBC5); runOnlyForDeploymentPostprocessing = 0; };
		C5604D1C4384BE32237C7801 = { isa = PBXBuildFile; fileRef = FB0D917FE3A6C4FF3C914360; };
		C6C2EFCEF386BA93F0E499A7 = { isa = PBXFileReference; lastKnownFileType = sourcecode.swift; path = "Sources/BabyTrackerApp/TrackersSettingsViews.swift"; sourceTree = SOURCE_ROOT; };
		C9A5FC810DD5EB1C31BE7446 = { isa = PBXBuildFile; fileRef = F0DACE68D9B1B1ECD47FC9A6; };
		C9EADB90A7A78FE5672CE19B = { isa = PBXFileReference; lastKnownFileType = sourcecode.swift; path = "Tests/BabyTrackerDomainTests/CausalSafetyTests.swift"; sourceTree = SOURCE_ROOT; };
		CA404AB546E8B430FDD4BBB9 = { isa = PBXBuildFile; fileRef = 28DDF1AF7DBB75E111EE13BE; };
		CB550069C2B30D4A643C29AC = { isa = PBXBuildFile; fileRef = F7AD61F882DD1FB9CEDE0378; };
		CC02B68ED017C410E2800443 = { isa = PBXBuildFile; fileRef = 384BE5476667391F3EE2B306; };
		CEFEF1F5CE13C5A04BC4C468 = { isa = PBXNativeTarget; buildConfigurationList = A703BABEAF536FCAD8A95716; buildPhases = (B57DA079BC7772F61801DDE0); buildRules = (); dependencies = (9D93A40AE1C17527506DC5DA); name = BabyTrackerUITests; productName = BabyTrackerUITests; productReference = 2DC2D7827160987765974061; productType = "com.apple.product-type.bundle.ui-testing"; };
		D4F6FB13F9E575708B291DC7 = { isa = PBXFrameworksBuildPhase; buildActionMask = 2147483647; files = (); runOnlyForDeploymentPostprocessing = 0; };
		D56F1EBFC1E86FBE64C5AFA2 = { isa = PBXBuildFile; fileRef = F7AD61F882DD1FB9CEDE0378; settings = { ATTRIBUTES = (CodeSignOnCopy, RemoveHeadersOnCopy); }; };
		D60DC188CDC5AB39AFA6683F = { isa = PBXBuildFile; fileRef = 2A857BBD13A524779C9EA5E5; };
		D72E553F985321B81A90C412 = { isa = PBXTargetDependency; target = 52E97356170E6528DDF4A3DF; targetProxy = EDC7B5CC89DDD3557A304C8F; };
		DC8EACD1E108D4F811380ED1 = { isa = PBXBuildFile; fileRef = 4D7A32BC07B50502640B80CE; };
		DD60ABC879AA15E004BD7524 = { isa = PBXBuildFile; fileRef = 9F43CD5012258C9C41484F1D; };
		E02A90D9643568EA39115CFB = { isa = PBXFileReference; explicitFileType = wrapper.cfbundle; includeInIndex = 0; path = BabyTrackerTests.xctest; sourceTree = BUILT_PRODUCTS_DIR; };
		E2657B9FA91DD4A55652006F = { isa = XCBuildConfiguration; buildSettings = { IPHONEOS_DEPLOYMENT_TARGET = 18.0; SDKROOT = iphoneos; SWIFT_VERSION = 5.0; CLANG_ENABLE_MODULES = YES; CODE_SIGN_STYLE = Automatic; DEVELOPMENT_TEAM = 68WZL8DZXC; GENERATE_INFOPLIST_FILE = YES; DYLIB_INSTALL_NAME_BASE = "@rpath"; LD_RUNPATH_SEARCH_PATHS = "$(inherited) @executable_path/Frameworks @loader_path/Frameworks"; PRODUCT_BUNDLE_IDENTIFIER = com.dansullivan.babytracker.tests; PRODUCT_NAME = BabyTrackerTests; SKIP_INSTALL = YES; SWIFT_OPTIMIZATION_LEVEL = "-Onone"; DEBUG_INFORMATION_FORMAT = dwarf; SWIFT_ACTIVE_COMPILATION_CONDITIONS = "DEBUG"; }; name = Debug; };
		E51E325E2D7A6ADDC5C9CAB4 = { isa = PBXFrameworksBuildPhase; buildActionMask = 2147483647; files = (4616C7F207A5AFB9FBFCBC14,41FFDB972AC8EE6ED47AB727); runOnlyForDeploymentPostprocessing = 0; };
		E98F7925D5BC18FAE327CD81 = { isa = XCConfigurationList; buildConfigurations = (0E8C9C34623DDCBBD962DF82,62F8A83B4A0B72F80D37A8AA); defaultConfigurationIsVisible = 0; defaultConfigurationName = Release; };
		EAB77BAB6D5D40A4B4EE3F02 = { isa = PBXFileReference; lastKnownFileType = sourcecode.swift; path = "Tests/BabyTrackerUITests/SmokeTests.swift"; sourceTree = SOURCE_ROOT; };
		ECD13B72A7376C88145A923F = { isa = PBXBuildFile; fileRef = 1D60308ED7C88F697B50D28D; };
		EDC7B5CC89DDD3557A304C8F = { isa = PBXContainerItemProxy; containerPortal = 98F54143AB4E86B28C3AFEE0; proxyType = 1; remoteGlobalIDString = 52E97356170E6528DDF4A3DF; remoteInfo = "persistence-tests"; };
		EDE00B77BB787AC7BC1DDB09 = { isa = PBXContainerItemProxy; containerPortal = 98F54143AB4E86B28C3AFEE0; proxyType = 1; remoteGlobalIDString = 29C7B681C8D62CBAC94D51C0; remoteInfo = "app-uitests"; };
		EE7850D96BE5796DE4655E96 = { isa = PBXFileReference; lastKnownFileType = sourcecode.swift; path = "Sources/BabyTrackerApp/Theme.swift"; sourceTree = SOURCE_ROOT; };
		EEC783420F7B7ADB609D2E27 = { isa = PBXBuildFile; fileRef = 48287036F0F390A907812870; };
		EFF1FE9885133954E4CA9235 = { isa = PBXBuildFile; fileRef = F257B83A0EB2E3EC5954C984; };
		F0AB04EE052351C80F3286E9 = { isa = PBXCopyFilesBuildPhase; buildActionMask = 2147483647; dstPath = ""; dstSubfolderSpec = 10; files = (D56F1EBFC1E86FBE64C5AFA2,A0E6579A3F038E322FE83506); name = "Embed Frameworks"; runOnlyForDeploymentPostprocessing = 0; };
		F0DACE68D9B1B1ECD47FC9A6 = { isa = PBXFileReference; lastKnownFileType = sourcecode.swift; path = "Sources/BabyTrackerApp/BabyTrackerApp.swift"; sourceTree = SOURCE_ROOT; };
		F257B83A0EB2E3EC5954C984 = { isa = PBXFileReference; lastKnownFileType = sourcecode.swift; path = "Sources/BabyTrackerDomain/Statistics.swift"; sourceTree = SOURCE_ROOT; };
		F4DD3C5CCD8CA8478D51CBC5 = { isa = PBXBuildFile; fileRef = F7AD61F882DD1FB9CEDE0378; };
		F74DDE9D3994C0877AC5BD82 = { isa = PBXContainerItemProxy; containerPortal = 98F54143AB4E86B28C3AFEE0; proxyType = 1; remoteGlobalIDString = 12FA73C3600A9D1EE3E0C025; remoteInfo = "domain-tests"; };
		F7AD61F882DD1FB9CEDE0378 = { isa = PBXFileReference; explicitFileType = wrapper.framework; includeInIndex = 0; path = "BabyTrackerDomain.framework"; sourceTree = BUILT_PRODUCTS_DIR; };
		F924B6439F7EF83473F50AEA = { isa = PBXFileReference; lastKnownFileType = sourcecode.swift; path = "Sources/BabyTrackerDomain/LegacyImport.swift"; sourceTree = SOURCE_ROOT; };
		FAE2FC5A5A92EB7F5ABB2CF1 = { isa = PBXTargetDependency; target = 52E97356170E6528DDF4A3DF; targetProxy = 428881533C7E37A0A1855AA1; };
		FB0D917FE3A6C4FF3C914360 = { isa = PBXFileReference; lastKnownFileType = sourcecode.swift; path = "Sources/BabyTrackerApp/HistoryView.swift"; sourceTree = SOURCE_ROOT; };
		FB94C7F459FCD1D79D930A89 = { isa = PBXFileReference; lastKnownFileType = sourcecode.swift; path = "Sources/BabyTrackerApp/PairingViews.swift"; sourceTree = SOURCE_ROOT; };
		FD0924BC7244D22A813B7782 = { isa = PBXFileReference; lastKnownFileType = sourcecode.swift; path = "Tests/BabyTrackerUITests/VisualAuditTests.swift"; sourceTree = SOURCE_ROOT; };
	};
	rootObject = 98F54143AB4E86B28C3AFEE0;
}
